{
  "name": "nodent",
  "version": "3.1.3",
  "lockfileVersion": 1,
  "requires": true,
  "dependencies": {
    "acorn": {
      "version": "5.1.2",
      "resolved": "https://registry.npmjs.org/acorn/-/acorn-5.1.2.tgz",
      "integrity": "sha512-o96FZLJBPY1lvTuJylGA9Bk3t/GKPPJG8H0ydQQl01crzwJgspa4AEIq/pVTXigmK0PHVQhiAtn8WMBLL9D2WA=="
    },
    "acorn-es7-plugin": {
      "version": "1.1.7",
      "resolved": "https://registry.npmjs.org/acorn-es7-plugin/-/acorn-es7-plugin-1.1.7.tgz",
      "integrity": "sha1-8u4fMiipDurRJF+asZIusucdM2s="
    },
    "nodent-compiler": {
      "version": "3.1.3",
      "resolved": "https://registry.npmjs.org/nodent-compiler/-/nodent-compiler-3.1.3.tgz",
      "integrity": "sha512-pcUC9gIgXXI3mbGjESZfVZO4Vgarw63xYZFRdkqxCDnygvvpiAwzwvvJ7rWqskp72Nk3cxWZY/rYxUIkPT14lw==",
      "requires": {
        "acorn": "5.1.2",
        "acorn-es7-plugin": "1.1.7",
        "source-map": "0.5.7"
      }
    },
    "nodent-runtime": {
      "version": "3.0.4",
      "resolved": "https://registry.npmjs.org/nodent-runtime/-/nodent-runtime-3.0.4.tgz",
      "integrity": "sha1-qAHst7sPbDmmmyTML6Nwz6i0kto="
    },
    "path-parse": {
      "version": "1.0.5",
      "resolved": "https://registry.npmjs.org/path-parse/-/path-parse-1.0.5.tgz",
      "integrity": "sha1-PBrfhx6pzWyUMbbqK9dKD/BVxME="
    },
    "resolve": {
      "version": "1.4.0",
      "resolved": "https://registry.npmjs.org/resolve/-/resolve-1.4.0.tgz",
      "integrity": "sha512-aW7sVKPufyHqOmyyLzg/J+8606v5nevBgaliIlV7nUpVMsDnoBGV/cbSLNjZAg9q0Cfd/+easKVKQ8vOu8fn1Q==",
      "requires": {
        "path-parse": "1.0.5"
      }
    },
    "source-map": {
      "version": "0.5.7",
      "resolved": "https://registry.npmjs.org/source-map/-/source-map-0.5.7.tgz",
      "integrity": "sha1-igOdLRAh0i0eoUyA2OpGi6LvP8w="
    }
  }
}
