{
  "name": "nodent-tests",
  "requires": true,
  "lockfileVersion": 1,
  "dependencies": {
    "asap": {
      "version": "2.0.6",
      "resolved": "https://registry.npmjs.org/asap/-/asap-2.0.6.tgz",
      "integrity": "sha1-5QNHYR1+aQlDIIu9r+vLwvuGbUY=",
      "dev": true
    },
    "bluebird": {
      "version": "3.5.1",
      "resolved": "https://registry.npmjs.org/bluebird/-/bluebird-3.5.1.tgz",
      "integrity": "sha512-MKiLiV+I1AA596t9w1sQJ8jkiSr5+ZKi0WKrYGUn6d1Fx+Ij4tIj+m2WMQSGczs5jZVxV339chE8iwk6F64wjA==",
      "dev": true
    },
    "colors": {
      "version": "1.1.2",
      "resolved": "https://registry.npmjs.org/colors/-/colors-1.1.2.tgz",
      "integrity": "sha1-FopHAXVran9RoSzgyXv6KMCE7WM="
    },
    "promiscuous": {
      "version": "0.7.1",
      "resolved": "https://registry.npmjs.org/promiscuous/-/promiscuous-0.7.1.tgz",
      "integrity": "sha512-ajyB0hUWLYJu4nM7EinpY+5vhNAb+FB5tM/vUKp6Zr48db3TvKa/+fhFcgocs0w1dPIoQkQHUvqL+UzfqFvIUw==",
      "dev": true
    },
    "promise": {
      "version": "8.0.1",
      "resolved": "https://registry.npmjs.org/promise/-/promise-8.0.1.tgz",
      "integrity": "sha1-5F1osAoXZHttpxG/he1u1HII9FA=",
      "dev": true,
      "requires": {
        "asap": "~2.0.3"
      }
    },
    "rsvp": {
      "version": "4.8.3",
      "resolved": "https://registry.npmjs.org/rsvp/-/rsvp-4.8.3.tgz",
      "integrity": "sha512-/OlbK31XtkPnLD2ktmZXj4g/v6q1boTDr6/3lFuDTgxVsrA3h7PH5eYyAxIvDMjRHr/DoOlzNicqDwBEo9xU7g==",
      "dev": true
    },
    "when": {
      "version": "3.7.8",
      "resolved": "https://registry.npmjs.org/when/-/when-3.7.8.tgz",
      "integrity": "sha1-xxMLan6gRpPoQs3J56Hyqjmjn4I=",
      "dev": true
    }
  }
}
